
Microsoft Visual Studio Solution File, Format Version 12.00
# Visual Studio Version 17
VisualStudioVersion = 17.0.31903.59
MinimumVisualStudioVersion = 10.0.40219.1
Project("{FAE04EC0-301F-11D3-BF4B-00C04F79EFBC}") = "Carhub.Service.Cars.Api", "Carhub.Service.Cars.Api\Carhub.Service.Cars.Api.csproj", "{5E53F93A-C190-4A82-83D4-1CDA1A9D0054}"
EndProject
Global
	GlobalSection(SolutionConfigurationPlatforms) = preSolution
		Debug|Any CPU = Debug|Any CPU
		Release|Any CPU = Release|Any CPU
	EndGlobalSection
	GlobalSection(SolutionProperties) = preSolution
		HideSolutionNode = FALSE
	EndGlobalSection
	GlobalSection(ProjectConfigurationPlatforms) = postSolution
		{5E53F93A-C190-4A82-83D4-1CDA1A9D0054}.Debug|Any CPU.ActiveCfg = Debug|Any CPU
		{5E53F93A-C190-4A82-83D4-1CDA1A9D0054}.Debug|Any CPU.Build.0 = Debug|Any CPU
		{5E53F93A-C190-4A82-83D4-1CDA1A9D0054}.Release|Any CPU.ActiveCfg = Release|Any CPU
		{5E53F93A-C190-4A82-83D4-1CDA1A9D0054}.Release|Any CPU.Build.0 = Release|Any CPU
	EndGlobalSection
EndGlobal
